
Microsoft Visual Studio Solution File, Format Version 12.00
# Visual Studio Version 16
VisualStudioVersion = 16.0.31424.327
MinimumVisualStudioVersion = 10.0.40219.1
Project("{FAE04EC0-301F-11D3-BF4B-00C04F79EFBC}") = "TicTacToe", "TicTacToe\TicTacToe.csproj", "{0F61CB4D-7797-4A86-AA5F-B1E7278E36FC}"
EndProject
Global
	GlobalSection(SolutionConfigurationPlatforms) = preSolution
		Debug|Any CPU = Debug|Any CPU
		Release|Any CPU = Release|Any CPU
	EndGlobalSection
	GlobalSection(ProjectConfigurationPlatforms) = postSolution
		{0F61CB4D-7797-4A86-AA5F-B1E7278E36FC}.Debug|Any CPU.ActiveCfg = Debug|Any CPU
		{0F61CB4D-7797-4A86-AA5F-B1E7278E36FC}.Debug|Any CPU.Build.0 = Debug|Any CPU
		{0F61CB4D-7797-4A86-AA5F-B1E7278E36FC}.Release|Any CPU.ActiveCfg = Release|Any CPU
		{0F61CB4D-7797-4A86-AA5F-B1E7278E36FC}.Release|Any CPU.Build.0 = Release|Any CPU
	EndGlobalSection
	GlobalSection(SolutionProperties) = preSolution
		HideSolutionNode = FALSE
	EndGlobalSection
	GlobalSection(ExtensibilityGlobals) = postSolution
		SolutionGuid = {7951AE8F-D919-411A-AAFF-ADEC344B6E7C}
	EndGlobalSection
EndGlobal
